# @generated by Move, please check-in and do not edit manually.

[move]
version = 2
manifest_digest = "9FDB342F127E678208C1F462657C9D9A91FF97EC1C589D1D91DF4EEAAC4441C6"
deps_digest = "060AD7E57DFB13104F21BE5F5C3759D03F0553FC3229247D9A7A6B45F50D03A3"
dependencies = [
  { name = "CetusClmm" },
  { name = "IntegerMate" },
  { name = "Sui" },
]

[[move.package]]
name = "CetusClmm"
source = { git = "https://github.com/CetusProtocol/cetus-clmm-interface.git", rev = "mainnet-v1.23.1", subdir = "sui/clmmpool" }

dependencies = [
  { name = "IntegerMate" },
  { name = "MoveSTL" },
  { name = "Sui" },
]

[[move.package]]
name = "IntegerMate"
source = { git = "https://github.com/CetusProtocol/integer-mate.git", rev = "mainnet-v1.23.1", subdir = "sui" }

dependencies = [
  { name = "Sui" },
]

[[move.package]]
name = "MoveSTL"
source = { git = "https://github.com/CetusProtocol/move-stl.git", rev = "mainnet-v1.23.1", subdir = "sui" }

dependencies = [
  { name = "Sui" },
]

[[move.package]]
name = "MoveStdlib"
source = { git = "https://github.com/MystenLabs/sui.git", rev = "mainnet-v1.35.2", subdir = "crates/sui-framework/packages/move-stdlib" }

[[move.package]]
name = "Sui"
source = { git = "https://github.com/MystenLabs/sui.git", rev = "mainnet-v1.35.2", subdir = "crates/sui-framework/packages/sui-framework" }

dependencies = [
  { name = "MoveStdlib" },
]

[move.toolchain-version]
compiler-version = "1.30.3"
edition = "2024.beta"
flavor = "sui"
